
Microsoft Visual Studio Solution File, Format Version 12.00
# Visual Studio Version 17
VisualStudioVersion = 17.2.32630.192
MinimumVisualStudioVersion = 10.0.40219.1
Project("{9A19103F-16F7-4668-BE54-9A1E7A4F7556}") = "R5T.T0185", "R5T.T0185\R5T.T0185.csproj", "{E53117F7-8632-4DC3-8405-04C08A031970}"
EndProject
Project("{2150E333-8FDC-42A3-9474-1A3956D46DE8}") = "_Dependencies", "_Dependencies", "{8A446851-E45E-4654-AE88-1E736266AF95}"
EndProject
Project("{9A19103F-16F7-4668-BE54-9A1E7A4F7556}") = "R5T.T0132", "..\..\R5T.T0132\source\R5T.T0132\R5T.T0132.csproj", "{1B3C7B4A-7515-4D55-B488-DDA9865226AE}"
EndProject
Project("{9A19103F-16F7-4668-BE54-9A1E7A4F7556}") = "R5T.T0143", "..\..\R5T.T0143\source\R5T.T0143\R5T.T0143.csproj", "{79E5908F-521F-4769-B495-3D0CFB6379F1}"
EndProject
Project("{9A19103F-16F7-4668-BE54-9A1E7A4F7556}") = "R5T.T0178", "..\..\R5T.T0178\source\R5T.T0178\R5T.T0178.csproj", "{2208D14C-69EC-4E7F-B36A-F570D7745340}"
EndProject
Project("{9A19103F-16F7-4668-BE54-9A1E7A4F7556}") = "R5T.T0179", "..\..\R5T.T0179\source\R5T.T0179\R5T.T0179.csproj", "{3FFEBEE0-F36E-4D26-8D19-A103D1FBBEC6}"
EndProject
Global
	GlobalSection(NestedProjects) = preSolution
		{1B3C7B4A-7515-4D55-B488-DDA9865226AE} = {8A446851-E45E-4654-AE88-1E736266AF95}
		{79E5908F-521F-4769-B495-3D0CFB6379F1} = {8A446851-E45E-4654-AE88-1E736266AF95}
		{2208D14C-69EC-4E7F-B36A-F570D7745340} = {8A446851-E45E-4654-AE88-1E736266AF95}
		{3FFEBEE0-F36E-4D26-8D19-A103D1FBBEC6} = {8A446851-E45E-4654-AE88-1E736266AF95}
	EndGlobalSection
	GlobalSection(SolutionConfigurationPlatforms) = preSolution
		Debug|Any CPU = Debug|Any CPU
		Release|Any CPU = Release|Any CPU
	EndGlobalSection
	GlobalSection(ProjectConfigurationPlatforms) = postSolution
		{E53117F7-8632-4DC3-8405-04C08A031970}.Debug|Any CPU.ActiveCfg = Debug|Any CPU
		{E53117F7-8632-4DC3-8405-04C08A031970}.Debug|Any CPU.Build.0 = Debug|Any CPU
		{E53117F7-8632-4DC3-8405-04C08A031970}.Release|Any CPU.ActiveCfg = Release|Any CPU
		{E53117F7-8632-4DC3-8405-04C08A031970}.Release|Any CPU.Build.0 = Release|Any CPU
		{1B3C7B4A-7515-4D55-B488-DDA9865226AE}.Debug|Any CPU.ActiveCfg = Debug|Any CPU
		{1B3C7B4A-7515-4D55-B488-DDA9865226AE}.Debug|Any CPU.Build.0 = Debug|Any CPU
		{1B3C7B4A-7515-4D55-B488-DDA9865226AE}.Release|Any CPU.ActiveCfg = Release|Any CPU
		{1B3C7B4A-7515-4D55-B488-DDA9865226AE}.Release|Any CPU.Build.0 = Release|Any CPU
		{79E5908F-521F-4769-B495-3D0CFB6379F1}.Debug|Any CPU.ActiveCfg = Debug|Any CPU
		{79E5908F-521F-4769-B495-3D0CFB6379F1}.Debug|Any CPU.Build.0 = Debug|Any CPU
		{79E5908F-521F-4769-B495-3D0CFB6379F1}.Release|Any CPU.ActiveCfg = Release|Any CPU
		{79E5908F-521F-4769-B495-3D0CFB6379F1}.Release|Any CPU.Build.0 = Release|Any CPU
		{2208D14C-69EC-4E7F-B36A-F570D7745340}.Debug|Any CPU.ActiveCfg = Debug|Any CPU
		{2208D14C-69EC-4E7F-B36A-F570D7745340}.Debug|Any CPU.Build.0 = Debug|Any CPU
		{2208D14C-69EC-4E7F-B36A-F570D7745340}.Release|Any CPU.ActiveCfg = Release|Any CPU
		{2208D14C-69EC-4E7F-B36A-F570D7745340}.Release|Any CPU.Build.0 = Release|Any CPU
		{3FFEBEE0-F36E-4D26-8D19-A103D1FBBEC6}.Debug|Any CPU.ActiveCfg = Debug|Any CPU
		{3FFEBEE0-F36E-4D26-8D19-A103D1FBBEC6}.Debug|Any CPU.Build.0 = Debug|Any CPU
		{3FFEBEE0-F36E-4D26-8D19-A103D1FBBEC6}.Release|Any CPU.ActiveCfg = Release|Any CPU
		{3FFEBEE0-F36E-4D26-8D19-A103D1FBBEC6}.Release|Any CPU.Build.0 = Release|Any CPU
	EndGlobalSection
	GlobalSection(SolutionProperties) = preSolution
		HideSolutionNode = FALSE
	EndGlobalSection
	GlobalSection(ExtensibilityGlobals) = postSolution
		SolutionGuid = {C8012EF9-E55D-473E-838A-92382EF9C15C}
	EndGlobalSection
EndGlobal
